
Microsoft Visual Studio Solution File, Format Version 12.00
# Visual Studio Version 16
VisualStudioVersion = 16.0.32126.315
MinimumVisualStudioVersion = 10.0.40219.1
Project("{2150E333-8FDC-42A3-9474-1A3956D46DE8}") = "Src", "Src", "{2BE7300A-3B93-4325-BF71-CE35D2E3C1F3}"
EndProject
Project("{2150E333-8FDC-42A3-9474-1A3956D46DE8}") = "Tests", "Tests", "{E4372931-5BBF-41B2-B485-742EBB4794FD}"
EndProject
Project("{FAE04EC0-301F-11D3-BF4B-00C04F79EFBC}") = "InventoryManagement.Domain", "InventoryManagement.Domain\InventoryManagement.Domain.csproj", "{F7789488-EEF4-462B-82D4-C7E9080F1F50}"
EndProject
Project("{FAE04EC0-301F-11D3-BF4B-00C04F79EFBC}") = "InventoryManagement.Infrastructure", "InventoryManagement.Infrastructure\InventoryManagement.Infrastructure.csproj", "{4349611A-76DF-44FB-A688-DC703A2D0E31}"
EndProject
Project("{FAE04EC0-301F-11D3-BF4B-00C04F79EFBC}") = "InventoryManagement.API", "InventoryManagement.API\InventoryManagement.API.csproj", "{45185D85-360F-4EB2-8139-1B5BAED58F02}"
EndProject
Global
	GlobalSection(SolutionConfigurationPlatforms) = preSolution
		Debug|Any CPU = Debug|Any CPU
		Release|Any CPU = Release|Any CPU
	EndGlobalSection
	GlobalSection(ProjectConfigurationPlatforms) = postSolution
		{F7789488-EEF4-462B-82D4-C7E9080F1F50}.Debug|Any CPU.ActiveCfg = Debug|Any CPU
		{F7789488-EEF4-462B-82D4-C7E9080F1F50}.Debug|Any CPU.Build.0 = Debug|Any CPU
		{F7789488-EEF4-462B-82D4-C7E9080F1F50}.Release|Any CPU.ActiveCfg = Release|Any CPU
		{F7789488-EEF4-462B-82D4-C7E9080F1F50}.Release|Any CPU.Build.0 = Release|Any CPU
		{4349611A-76DF-44FB-A688-DC703A2D0E31}.Debug|Any CPU.ActiveCfg = Debug|Any CPU
		{4349611A-76DF-44FB-A688-DC703A2D0E31}.Debug|Any CPU.Build.0 = Debug|Any CPU
		{4349611A-76DF-44FB-A688-DC703A2D0E31}.Release|Any CPU.ActiveCfg = Release|Any CPU
		{4349611A-76DF-44FB-A688-DC703A2D0E31}.Release|Any CPU.Build.0 = Release|Any CPU
		{45185D85-360F-4EB2-8139-1B5BAED58F02}.Debug|Any CPU.ActiveCfg = Debug|Any CPU
		{45185D85-360F-4EB2-8139-1B5BAED58F02}.Debug|Any CPU.Build.0 = Debug|Any CPU
		{45185D85-360F-4EB2-8139-1B5BAED58F02}.Release|Any CPU.ActiveCfg = Release|Any CPU
		{45185D85-360F-4EB2-8139-1B5BAED58F02}.Release|Any CPU.Build.0 = Release|Any CPU
	EndGlobalSection
	GlobalSection(SolutionProperties) = preSolution
		HideSolutionNode = FALSE
	EndGlobalSection
	GlobalSection(NestedProjects) = preSolution
		{F7789488-EEF4-462B-82D4-C7E9080F1F50} = {2BE7300A-3B93-4325-BF71-CE35D2E3C1F3}
		{4349611A-76DF-44FB-A688-DC703A2D0E31} = {2BE7300A-3B93-4325-BF71-CE35D2E3C1F3}
		{45185D85-360F-4EB2-8139-1B5BAED58F02} = {2BE7300A-3B93-4325-BF71-CE35D2E3C1F3}
	EndGlobalSection
	GlobalSection(ExtensibilityGlobals) = postSolution
		SolutionGuid = {064489B6-31B2-4322-8140-E715A8434A96}
	EndGlobalSection
EndGlobal
